
Microsoft Visual Studio Solution File, Format Version 12.00
# Visual Studio Version 16
VisualStudioVersion = 16.0.29519.87
MinimumVisualStudioVersion = 10.0.40219.1
Project("{FAE04EC0-301F-11D3-BF4B-00C04F79EFBC}") = "01SingletonDemo", "Singleton\01SingletonDemo.csproj", "{A48B3539-10E4-452D-AA2F-3D4C55B35759}"
EndProject
Project("{FAE04EC0-301F-11D3-BF4B-00C04F79EFBC}") = "02FactoryMethodDemo", "FactoryMethodDemo\02FactoryMethodDemo.csproj", "{EE2431F3-7582-4A79-B60A-B176E6D00043}"
EndProject
Global
	GlobalSection(SolutionConfigurationPlatforms) = preSolution
		Debug|Any CPU = Debug|Any CPU
		Release|Any CPU = Release|Any CPU
	EndGlobalSection
	GlobalSection(ProjectConfigurationPlatforms) = postSolution
		{A48B3539-10E4-452D-AA2F-3D4C55B35759}.Debug|Any CPU.ActiveCfg = Debug|Any CPU
		{A48B3539-10E4-452D-AA2F-3D4C55B35759}.Debug|Any CPU.Build.0 = Debug|Any CPU
		{A48B3539-10E4-452D-AA2F-3D4C55B35759}.Release|Any CPU.ActiveCfg = Release|Any CPU
		{A48B3539-10E4-452D-AA2F-3D4C55B35759}.Release|Any CPU.Build.0 = Release|Any CPU
		{EE2431F3-7582-4A79-B60A-B176E6D00043}.Debug|Any CPU.ActiveCfg = Debug|Any CPU
		{EE2431F3-7582-4A79-B60A-B176E6D00043}.Debug|Any CPU.Build.0 = Debug|Any CPU
		{EE2431F3-7582-4A79-B60A-B176E6D00043}.Release|Any CPU.ActiveCfg = Release|Any CPU
		{EE2431F3-7582-4A79-B60A-B176E6D00043}.Release|Any CPU.Build.0 = Release|Any CPU
	EndGlobalSection
	GlobalSection(SolutionProperties) = preSolution
		HideSolutionNode = FALSE
	EndGlobalSection
	GlobalSection(ExtensibilityGlobals) = postSolution
		SolutionGuid = {6AE89296-E701-4DA8-AB95-13E71BF024B4}
	EndGlobalSection
EndGlobal
